
Microsoft Visual Studio Solution File, Format Version 12.00
# Visual Studio Version 17
VisualStudioVersion = 17.1.32228.430
MinimumVisualStudioVersion = 10.0.40219.1
Project("{FAE04EC0-301F-11D3-BF4B-00C04F79EFBC}") = "VeeamTest", "VeeamTest\VeeamTest.csproj", "{D35B54E9-DC5C-460E-B227-D9C59ED82199}"
EndProject
Project("{FAE04EC0-301F-11D3-BF4B-00C04F79EFBC}") = "VeeamTest.Tests", "VeeamTest.Tests\VeeamTest.Tests.csproj", "{8895A583-8902-47D7-BF88-A062A6173FEC}"
EndProject
Global
	GlobalSection(SolutionConfigurationPlatforms) = preSolution
		Debug|Any CPU = Debug|Any CPU
		Release|Any CPU = Release|Any CPU
	EndGlobalSection
	GlobalSection(ProjectConfigurationPlatforms) = postSolution
		{D35B54E9-DC5C-460E-B227-D9C59ED82199}.Debug|Any CPU.ActiveCfg = Debug|Any CPU
		{D35B54E9-DC5C-460E-B227-D9C59ED82199}.Debug|Any CPU.Build.0 = Debug|Any CPU
		{D35B54E9-DC5C-460E-B227-D9C59ED82199}.Release|Any CPU.ActiveCfg = Release|Any CPU
		{D35B54E9-DC5C-460E-B227-D9C59ED82199}.Release|Any CPU.Build.0 = Release|Any CPU
		{8895A583-8902-47D7-BF88-A062A6173FEC}.Debug|Any CPU.ActiveCfg = Debug|Any CPU
		{8895A583-8902-47D7-BF88-A062A6173FEC}.Debug|Any CPU.Build.0 = Debug|Any CPU
		{8895A583-8902-47D7-BF88-A062A6173FEC}.Release|Any CPU.ActiveCfg = Release|Any CPU
		{8895A583-8902-47D7-BF88-A062A6173FEC}.Release|Any CPU.Build.0 = Release|Any CPU
	EndGlobalSection
	GlobalSection(SolutionProperties) = preSolution
		HideSolutionNode = FALSE
	EndGlobalSection
	GlobalSection(ExtensibilityGlobals) = postSolution
		SolutionGuid = {B194BD01-73D4-40BF-BDF9-655837A82FD3}
	EndGlobalSection
EndGlobal
